
Microsoft Visual Studio Solution File, Format Version 12.00
# Visual Studio Version 17
VisualStudioVersion = 17.0.32014.148
MinimumVisualStudioVersion = 10.0.40219.1
Project("{9A19103F-16F7-4668-BE54-9A1E7A4F7556}") = "7_GuessingGameChallenge", "7_GuessingGameChallenge.csproj", "{67B6BB75-03AA-4C16-B641-68E97B0A837A}"
EndProject
Project("{9A19103F-16F7-4668-BE54-9A1E7A4F7556}") = "7_GuessingGameChallenge.Tests", "..\7_GuessingGameChallenge.Tests\7_GuessingGameChallenge.Tests.csproj", "{A0C582FC-280B-4393-95EA-F5D152A357CB}"
EndProject
Global
	GlobalSection(SolutionConfigurationPlatforms) = preSolution
		Debug|Any CPU = Debug|Any CPU
		Release|Any CPU = Release|Any CPU
	EndGlobalSection
	GlobalSection(ProjectConfigurationPlatforms) = postSolution
		{67B6BB75-03AA-4C16-B641-68E97B0A837A}.Debug|Any CPU.ActiveCfg = Debug|Any CPU
		{67B6BB75-03AA-4C16-B641-68E97B0A837A}.Debug|Any CPU.Build.0 = Debug|Any CPU
		{67B6BB75-03AA-4C16-B641-68E97B0A837A}.Release|Any CPU.ActiveCfg = Release|Any CPU
		{67B6BB75-03AA-4C16-B641-68E97B0A837A}.Release|Any CPU.Build.0 = Release|Any CPU
		{A0C582FC-280B-4393-95EA-F5D152A357CB}.Debug|Any CPU.ActiveCfg = Debug|Any CPU
		{A0C582FC-280B-4393-95EA-F5D152A357CB}.Debug|Any CPU.Build.0 = Debug|Any CPU
		{A0C582FC-280B-4393-95EA-F5D152A357CB}.Release|Any CPU.ActiveCfg = Release|Any CPU
		{A0C582FC-280B-4393-95EA-F5D152A357CB}.Release|Any CPU.Build.0 = Release|Any CPU
	EndGlobalSection
	GlobalSection(SolutionProperties) = preSolution
		HideSolutionNode = FALSE
	EndGlobalSection
	GlobalSection(ExtensibilityGlobals) = postSolution
		SolutionGuid = {CC6AA121-2F49-4749-8688-53B1C9D17727}
	EndGlobalSection
EndGlobal
